
Microsoft Visual Studio Solution File, Format Version 12.00
# Visual Studio Version 17
VisualStudioVersion = 17.7.34031.279
MinimumVisualStudioVersion = 10.0.40219.1
Project("{FAE04EC0-301F-11D3-BF4B-00C04F79EFBC}") = "ImageDownsizer", "ImageDownsizer\ImageDownsizer.csproj", "{463E405E-635A-4EF1-B9BD-911ED05C028B}"
EndProject
Global
	GlobalSection(SolutionConfigurationPlatforms) = preSolution
		Debug|Any CPU = Debug|Any CPU
		Release|Any CPU = Release|Any CPU
	EndGlobalSection
	GlobalSection(ProjectConfigurationPlatforms) = postSolution
		{463E405E-635A-4EF1-B9BD-911ED05C028B}.Debug|Any CPU.ActiveCfg = Debug|Any CPU
		{463E405E-635A-4EF1-B9BD-911ED05C028B}.Debug|Any CPU.Build.0 = Debug|Any CPU
		{463E405E-635A-4EF1-B9BD-911ED05C028B}.Release|Any CPU.ActiveCfg = Release|Any CPU
		{463E405E-635A-4EF1-B9BD-911ED05C028B}.Release|Any CPU.Build.0 = Release|Any CPU
	EndGlobalSection
	GlobalSection(SolutionProperties) = preSolution
		HideSolutionNode = FALSE
	EndGlobalSection
	GlobalSection(ExtensibilityGlobals) = postSolution
		SolutionGuid = {05CE0790-071D-4C55-B07D-BD612FC96AA5}
	EndGlobalSection
EndGlobal
